
Microsoft Visual Studio Solution File, Format Version 12.00
# Visual Studio Version 17
VisualStudioVersion = 17.7.34031.279
MinimumVisualStudioVersion = 10.0.40219.1
Project("{FAE04EC0-301F-11D3-BF4B-00C04F79EFBC}") = "Tarea1UPIprogra3", "Tarea1UPIprogra3\Tarea1UPIprogra3.csproj", "{6C64BE69-2305-4435-9ED3-F0258834BDAA}"
EndProject
Global
	GlobalSection(SolutionConfigurationPlatforms) = preSolution
		Debug|Any CPU = Debug|Any CPU
		Release|Any CPU = Release|Any CPU
	EndGlobalSection
	GlobalSection(ProjectConfigurationPlatforms) = postSolution
		{6C64BE69-2305-4435-9ED3-F0258834BDAA}.Debug|Any CPU.ActiveCfg = Debug|Any CPU
		{6C64BE69-2305-4435-9ED3-F0258834BDAA}.Debug|Any CPU.Build.0 = Debug|Any CPU
		{6C64BE69-2305-4435-9ED3-F0258834BDAA}.Release|Any CPU.ActiveCfg = Release|Any CPU
		{6C64BE69-2305-4435-9ED3-F0258834BDAA}.Release|Any CPU.Build.0 = Release|Any CPU
	EndGlobalSection
	GlobalSection(SolutionProperties) = preSolution
		HideSolutionNode = FALSE
	EndGlobalSection
	GlobalSection(ExtensibilityGlobals) = postSolution
		SolutionGuid = {F0D95DC1-7259-4959-875F-EFED30D31A48}
	EndGlobalSection
EndGlobal
